
Microsoft Visual Studio Solution File, Format Version 12.00
# Visual Studio Version 16
VisualStudioVersion = 16.0.33328.57
MinimumVisualStudioVersion = 10.0.40219.1
Project("{FAE04EC0-301F-11D3-BF4B-00C04F79EFBC}") = "SkillSheetManager", "LoginSample\SkillSheetManager.csproj", "{11DDDB73-C57A-491D-9EA4-7F83979955EC}"
EndProject
Global
	GlobalSection(SolutionConfigurationPlatforms) = preSolution
		Debug|Any CPU = Debug|Any CPU
		Release|Any CPU = Release|Any CPU
	EndGlobalSection
	GlobalSection(ProjectConfigurationPlatforms) = postSolution
		{11DDDB73-C57A-491D-9EA4-7F83979955EC}.Debug|Any CPU.ActiveCfg = Debug|Any CPU
		{11DDDB73-C57A-491D-9EA4-7F83979955EC}.Debug|Any CPU.Build.0 = Debug|Any CPU
		{11DDDB73-C57A-491D-9EA4-7F83979955EC}.Release|Any CPU.ActiveCfg = Release|Any CPU
		{11DDDB73-C57A-491D-9EA4-7F83979955EC}.Release|Any CPU.Build.0 = Release|Any CPU
	EndGlobalSection
	GlobalSection(SolutionProperties) = preSolution
		HideSolutionNode = FALSE
	EndGlobalSection
	GlobalSection(ExtensibilityGlobals) = postSolution
		SolutionGuid = {48EC5FDA-3386-4930-9172-7D63C67878FC}
	EndGlobalSection
EndGlobal
